
Microsoft Visual Studio Solution File, Format Version 12.00
# Visual Studio Version 17
VisualStudioVersion = 17.9.34622.214
MinimumVisualStudioVersion = 10.0.40219.1
Project("{FAE04EC0-301F-11D3-BF4B-00C04F79EFBC}") = "Microservices.CQRS.Example", "Microservices.CQRS.Example\Microservices.CQRS.Example.csproj", "{0AA2B3B9-6E8C-42DE-BC2E-666025C56100}"
EndProject
Global
	GlobalSection(SolutionConfigurationPlatforms) = preSolution
		Debug|Any CPU = Debug|Any CPU
		Release|Any CPU = Release|Any CPU
	EndGlobalSection
	GlobalSection(ProjectConfigurationPlatforms) = postSolution
		{0AA2B3B9-6E8C-42DE-BC2E-666025C56100}.Debug|Any CPU.ActiveCfg = Debug|Any CPU
		{0AA2B3B9-6E8C-42DE-BC2E-666025C56100}.Debug|Any CPU.Build.0 = Debug|Any CPU
		{0AA2B3B9-6E8C-42DE-BC2E-666025C56100}.Release|Any CPU.ActiveCfg = Release|Any CPU
		{0AA2B3B9-6E8C-42DE-BC2E-666025C56100}.Release|Any CPU.Build.0 = Release|Any CPU
	EndGlobalSection
	GlobalSection(SolutionProperties) = preSolution
		HideSolutionNode = FALSE
	EndGlobalSection
	GlobalSection(ExtensibilityGlobals) = postSolution
		SolutionGuid = {CBE54372-0BB7-4DCC-95A0-CF6C9AF9ED50}
	EndGlobalSection
EndGlobal
